
Microsoft Visual Studio Solution File, Format Version 12.00
# Visual Studio Version 16
VisualStudioVersion = 16.0.32002.261
MinimumVisualStudioVersion = 10.0.40219.1
Project("{FAE04EC0-301F-11D3-BF4B-00C04F79EFBC}") = "Modul1_HomeWork4", "Modul1_HomeWork4\Modul1_HomeWork4.csproj", "{B70059CF-EF4D-4162-9D6D-BC5FF04D2343}"
EndProject
Global
	GlobalSection(SolutionConfigurationPlatforms) = preSolution
		Debug|Any CPU = Debug|Any CPU
		Release|Any CPU = Release|Any CPU
	EndGlobalSection
	GlobalSection(ProjectConfigurationPlatforms) = postSolution
		{B70059CF-EF4D-4162-9D6D-BC5FF04D2343}.Debug|Any CPU.ActiveCfg = Debug|Any CPU
		{B70059CF-EF4D-4162-9D6D-BC5FF04D2343}.Debug|Any CPU.Build.0 = Debug|Any CPU
		{B70059CF-EF4D-4162-9D6D-BC5FF04D2343}.Release|Any CPU.ActiveCfg = Release|Any CPU
		{B70059CF-EF4D-4162-9D6D-BC5FF04D2343}.Release|Any CPU.Build.0 = Release|Any CPU
	EndGlobalSection
	GlobalSection(SolutionProperties) = preSolution
		HideSolutionNode = FALSE
	EndGlobalSection
	GlobalSection(ExtensibilityGlobals) = postSolution
		SolutionGuid = {8EF034AE-1211-4F06-88DD-55EC67C16B74}
	EndGlobalSection
EndGlobal
